// !$*UTF8*$!
{
	archiveVersion = 1;
	classes = {
	};
	objectVersion = 55;
	objects = {

/* Begin PBXBuildFile section */
		FA36D30B28A28EC3000B5F8A /* AppDelegate.swift in Sources */ = {isa = PBXBuildFile; fileRef = FA36D30A28A28EC3000B5F8A /* AppDelegate.swift */; };
		FA36D30D28A28EC3000B5F8A /* SceneDelegate.swift in Sources */ = {isa = PBXBuildFile; fileRef = FA36D30C28A28EC3000B5F8A /* SceneDelegate.swift */; };
		FA36D30F28A28EC3000B5F8A /* mainViewController.swift in Sources */ = {isa = PBXBuildFile; fileRef = FA36D30E28A28EC3000B5F8A /* mainViewController.swift */; };
		FA36D31428A28EC8000B5F8A /* Assets.xcassets in Resources */ = {isa = PBXBuildFile; fileRef = FA36D31328A28EC8000B5F8A /* Assets.xcassets */; };
		FA36D31728A28EC8000B5F8A /* LaunchScreen.storyboard in Resources */ = {isa = PBXBuildFile; fileRef = FA36D31528A28EC8000B5F8A /* LaunchScreen.storyboard */; };
		FAB6930A28A3D10A00763B37 /* setCityViewController.swift in Sources */ = {isa = PBXBuildFile; fileRef = FAB6930928A3D10A00763B37 /* setCityViewController.swift */; };
		FAB6930C28A3D11D00763B37 /* setTimeViewController.swift in Sources */ = {isa = PBXBuildFile; fileRef = FAB6930B28A3D11D00763B37 /* setTimeViewController.swift */; };
		FAB6930E28A3D7A000763B37 /* CityData.swift in Sources */ = {isa = PBXBuildFile; fileRef = FAB6930D28A3D7A000763B37 /* CityData.swift */; };
		FAB6931128A3E1AF00763B37 /* Constants.swift in Sources */ = {isa = PBXBuildFile; fileRef = FAB6931028A3E1AF00763B37 /* Constants.swift */; };
		FAB6931628A3FF3C00763B37 /* Main.storyboard in Resources */ = {isa = PBXBuildFile; fileRef = FAB6931428A3FF3C00763B37 /* Main.storyboard */; };
		FAB84CCB28A405D90054468E /* weatherBrain.swift in Sources */ = {isa = PBXBuildFile; fileRef = FAB84CCA28A405D90054468E /* weatherBrain.swift */; };
		FAB84CCD28A7A93B0054468E /* WeatherAPI.swift in Sources */ = {isa = PBXBuildFile; fileRef = FAB84CCC28A7A93B0054468E /* WeatherAPI.swift */; };
		FAB84CCF28A7C3620054468E /* ProspectsView.swift in Sources */ = {isa = PBXBuildFile; fileRef = FAB84CCE28A7C3620054468E /* ProspectsView.swift */; };
		FABAC19528A7E3290067F886 /* WeatherData.swift in Sources */ = {isa = PBXBuildFile; fileRef = FABAC19428A7E3290067F886 /* WeatherData.swift */; };
		FABAC19728A7FC070067F886 /* WeatherModel.swift in Sources */ = {isa = PBXBuildFile; fileRef = FABAC19628A7FC070067F886 /* WeatherModel.swift */; };
		FABAC19928A93A220067F886 /* TimeBrain.swift in Sources */ = {isa = PBXBuildFile; fileRef = FABAC19828A93A220067F886 /* TimeBrain.swift */; };
/* End PBXBuildFile section */

/* Begin PBXFileReference section */
		FA36D30728A28EC3000B5F8A /* oh!Rain.app */ = {isa = PBXFileReference; explicitFileType = wrapper.application; includeInIndex = 0; path = "oh!Rain.app"; sourceTree = BUILT_PRODUCTS_DIR; };
		FA36D30A28A28EC3000B5F8A /* AppDelegate.swift */ = {isa = PBXFileReference; lastKnownFileType = sourcecode.swift; path = AppDelegate.swift; sourceTree = "<group>"; };
		FA36D30C28A28EC3000B5F8A /* SceneDelegate.swift */ = {isa = PBXFileReference; lastKnownFileType = sourcecode.swift; path = SceneDelegate.swift; sourceTree = "<group>"; };
		FA36D30E28A28EC3000B5F8A /* mainViewController.swift */ = {isa = PBXFileReference; lastKnownFileType = sourcecode.swift; path = mainViewController.swift; sourceTree = "<group>"; };
		FA36D31328A28EC8000B5F8A /* Assets.xcassets */ = {isa = PBXFileReference; lastKnownFileType = folder.assetcatalog; path = Assets.xcassets; sourceTree = "<group>"; };
		FA36D31628A28EC8000B5F8A /* Base */ = {isa = PBXFileReference; lastKnownFileType = file.storyboard; name = Base; path = Base.lproj/LaunchScreen.storyboard; sourceTree = "<group>"; };
		FA36D31828A28EC8000B5F8A /* Info.plist */ = {isa = PBXFileReference; lastKnownFileType = text.plist.xml; path = Info.plist; sourceTree = "<group>"; };
		FAB6930928A3D10A00763B37 /* setCityViewController.swift */ = {isa = PBXFileReference; lastKnownFileType = sourcecode.swift; path = setCityViewController.swift; sourceTree = "<group>"; };
		FAB6930B28A3D11D00763B37 /* setTimeViewController.swift */ = {isa = PBXFileReference; lastKnownFileType = sourcecode.swift; path = setTimeViewController.swift; sourceTree = "<group>"; };
		FAB6930D28A3D7A000763B37 /* CityData.swift */ = {isa = PBXFileReference; lastKnownFileType = sourcecode.swift; path = CityData.swift; sourceTree = "<group>"; };
		FAB6931028A3E1AF00763B37 /* Constants.swift */ = {isa = PBXFileReference; lastKnownFileType = sourcecode.swift; path = Constants.swift; sourceTree = "<group>"; };
		FAB6931528A3FF3C00763B37 /* Base */ = {isa = PBXFileReference; lastKnownFileType = file.storyboard; name = Base; path = Base.lproj/Main.storyboard; sourceTree = "<group>"; };
		FAB84CCA28A405D90054468E /* weatherBrain.swift */ = {isa = PBXFileReference; lastKnownFileType = sourcecode.swift; path = weatherBrain.swift; sourceTree = "<group>"; };
		FAB84CCC28A7A93B0054468E /* WeatherAPI.swift */ = {isa = PBXFileReference; lastKnownFileType = sourcecode.swift; path = WeatherAPI.swift; sourceTree = "<group>"; };
		FAB84CCE28A7C3620054468E /* ProspectsView.swift */ = {isa = PBXFileReference; lastKnownFileType = sourcecode.swift; path = ProspectsView.swift; sourceTree = "<group>"; };
		FABAC19428A7E3290067F886 /* WeatherData.swift */ = {isa = PBXFileReference; lastKnownFileType = sourcecode.swift; path = WeatherData.swift; sourceTree = "<group>"; };
		FABAC19628A7FC070067F886 /* WeatherModel.swift */ = {isa = PBXFileReference; lastKnownFileType = sourcecode.swift; path = WeatherModel.swift; sourceTree = "<group>"; };
		FABAC19828A93A220067F886 /* TimeBrain.swift */ = {isa = PBXFileReference; lastKnownFileType = sourcecode.swift; path = TimeBrain.swift; sourceTree = "<group>"; };
/* End PBXFileReference section */

/* Begin PBXFrameworksBuildPhase section */
		FA36D30428A28EC3000B5F8A /* Frameworks */ = {
			isa = PBXFrameworksBuildPhase;
			buildActionMask = 2147483647;
			files = (
			);
			runOnlyForDeploymentPostprocessing = 0;
		};
/* End PBXFrameworksBuildPhase section */

/* Begin PBXGroup section */
		FA36D2FE28A28EC2000B5F8A = {
			isa = PBXGroup;
			children = (
				FA36D30928A28EC3000B5F8A /* oh!Rain */,
				FA36D30828A28EC3000B5F8A /* Products */,
			);
			sourceTree = "<group>";
		};
		FA36D30828A28EC3000B5F8A /* Products */ = {
			isa = PBXGroup;
			children = (
				FA36D30728A28EC3000B5F8A /* oh!Rain.app */,
			);
			name = Products;
			sourceTree = "<group>";
		};
		FA36D30928A28EC3000B5F8A /* oh!Rain */ = {
			isa = PBXGroup;
			children = (
				FAB6930F28A3E19700763B37 /* Models */,
				FAB6930628A3C9FD00763B37 /* Views */,
				FAB6930528A3C9E000763B37 /* Controllers */,
				FA36D30A28A28EC3000B5F8A /* AppDelegate.swift */,
				FA36D30C28A28EC3000B5F8A /* SceneDelegate.swift */,
				FA36D31328A28EC8000B5F8A /* Assets.xcassets */,
				FA36D31528A28EC8000B5F8A /* LaunchScreen.storyboard */,
				FA36D31828A28EC8000B5F8A /* Info.plist */,
			);
			path = "oh!Rain";
			sourceTree = "<group>";
		};
		FAB6930528A3C9E000763B37 /* Controllers */ = {
			isa = PBXGroup;
			children = (
				FAB6930928A3D10A00763B37 /* setCityViewController.swift */,
				FAB6930B28A3D11D00763B37 /* setTimeViewController.swift */,
				FA36D30E28A28EC3000B5F8A /* mainViewController.swift */,
			);
			path = Controllers;
			sourceTree = "<group>";
		};
		FAB6930628A3C9FD00763B37 /* Views */ = {
			isa = PBXGroup;
			children = (
				FAB6931428A3FF3C00763B37 /* Main.storyboard */,
			);
			path = Views;
			sourceTree = "<group>";
		};
		FAB6930F28A3E19700763B37 /* Models */ = {
			isa = PBXGroup;
			children = (
				FAB6930D28A3D7A000763B37 /* CityData.swift */,
				FAB84CCA28A405D90054468E /* weatherBrain.swift */,
				FABAC19828A93A220067F886 /* TimeBrain.swift */,
				FAB84CCC28A7A93B0054468E /* WeatherAPI.swift */,
				FABAC19428A7E3290067F886 /* WeatherData.swift */,
				FABAC19628A7FC070067F886 /* WeatherModel.swift */,
				FAB84CCE28A7C3620054468E /* ProspectsView.swift */,
				FAB6931028A3E1AF00763B37 /* Constants.swift */,
			);
			path = Models;
			sourceTree = "<group>";
		};
/* End PBXGroup section */

/* Begin PBXNativeTarget section */
		FA36D30628A28EC3000B5F8A /* oh!Rain */ = {
			isa = PBXNativeTarget;
			buildConfigurationList = FA36D31B28A28EC8000B5F8A /* Build configuration list for PBXNativeTarget "oh!Rain" */;
			buildPhases = (
				FA36D30328A28EC3000B5F8A /* Sources */,
				FA36D30428A28EC3000B5F8A /* Frameworks */,
				FA36D30528A28EC3000B5F8A /* Resources */,
			);
			buildRules = (
			);
			dependencies = (
			);
			name = "oh!Rain";
			productName = "oh!Rain";
			productReference = FA36D30728A28EC3000B5F8A /* oh!Rain.app */;
			productType = "com.apple.product-type.application";
		};
/* End PBXNativeTarget section */

/* Begin PBXProject section */
		FA36D2FF28A28EC2000B5F8A /* Project object */ = {
			isa = PBXProject;
			attributes = {
				BuildIndependentTargetsInParallel = 1;
				LastSwiftUpdateCheck = 1340;
				LastUpgradeCheck = 1340;
				TargetAttributes = {
					FA36D30628A28EC3000B5F8A = {
						CreatedOnToolsVersion = 13.4.1;
					};
				};
			};
			buildConfigurationList = FA36D30228A28EC2000B5F8A /* Build configuration list for PBXProject "oh!Rain" */;
			compatibilityVersion = "Xcode 13.0";
			developmentRegion = en;
			hasScannedForEncodings = 0;
			knownRegions = (
				en,
				Base,
			);
			mainGroup = FA36D2FE28A28EC2000B5F8A;
			productRefGroup = FA36D30828A28EC3000B5F8A /* Products */;
			projectDirPath = "";
			projectRoot = "";
			targets = (
				FA36D30628A28EC3000B5F8A /* oh!Rain */,
			);
		};
/* End PBXProject section */

/* Begin PBXResourcesBuildPhase section */
		FA36D30528A28EC3000B5F8A /* Resources */ = {
			isa = PBXResourcesBuildPhase;
			buildActionMask = 2147483647;
			files = (
				FAB6931628A3FF3C00763B37 /* Main.storyboard in Resources */,
				FA36D31728A28EC8000B5F8A /* LaunchScreen.storyboard in Resources */,
				FA36D31428A28EC8000B5F8A /* Assets.xcassets in Resources */,
			);
			runOnlyForDeploymentPostprocessing = 0;
		};
/* End PBXResourcesBuildPhase section */

/* Begin PBXSourcesBuildPhase section */
		FA36D30328A28EC3000B5F8A /* Sources */ = {
			isa = PBXSourcesBuildPhase;
			buildActionMask = 2147483647;
			files = (
				FAB84CCD28A7A93B0054468E /* WeatherAPI.swift in Sources */,
				FAB84CCB28A405D90054468E /* weatherBrain.swift in Sources */,
				FAB84CCF28A7C3620054468E /* ProspectsView.swift in Sources */,
				FAB6930A28A3D10A00763B37 /* setCityViewController.swift in Sources */,
				FAB6930E28A3D7A000763B37 /* CityData.swift in Sources */,
				FABAC19528A7E3290067F886 /* WeatherData.swift in Sources */,
				FA36D30F28A28EC3000B5F8A /* mainViewController.swift in Sources */,
				FA36D30B28A28EC3000B5F8A /* AppDelegate.swift in Sources */,
				FAB6930C28A3D11D00763B37 /* setTimeViewController.swift in Sources */,
				FABAC19928A93A220067F886 /* TimeBrain.swift in Sources */,
				FA36D30D28A28EC3000B5F8A /* SceneDelegate.swift in Sources */,
				FABAC19728A7FC070067F886 /* WeatherModel.swift in Sources */,
				FAB6931128A3E1AF00763B37 /* Constants.swift in Sources */,
			);
			runOnlyForDeploymentPostprocessing = 0;
		};
/* End PBXSourcesBuildPhase section */

/* Begin PBXVariantGroup section */
		FA36D31528A28EC8000B5F8A /* LaunchScreen.storyboard */ = {
			isa = PBXVariantGroup;
			children = (
				FA36D31628A28EC8000B5F8A /* Base */,
			);
			name = LaunchScreen.storyboard;
			sourceTree = "<group>";
		};
		FAB6931428A3FF3C00763B37 /* Main.storyboard */ = {
			isa = PBXVariantGroup;
			children = (
				FAB6931528A3FF3C00763B37 /* Base */,
			);
			name = Main.storyboard;
			sourceTree = "<group>";
		};
/* End PBXVariantGroup section */

/* Begin XCBuildConfiguration section */
		FA36D31928A28EC8000B5F8A /* Debug */ = {
			isa = XCBuildConfiguration;
			buildSettings = {
				ALWAYS_SEARCH_USER_PATHS = NO;
				CLANG_ANALYZER_NONNULL = YES;
				CLANG_ANALYZER_NUMBER_OBJECT_CONVERSION = YES_AGGRESSIVE;
				CLANG_CXX_LANGUAGE_STANDARD = "gnu++17";
				CLANG_ENABLE_MODULES = YES;
				CLANG_ENABLE_OBJC_ARC = YES;
				CLANG_ENABLE_OBJC_WEAK = YES;
				CLANG_WARN_BLOCK_CAPTURE_AUTORELEASING = YES;
				CLANG_WARN_BOOL_CONVERSION = YES;
				CLANG_WARN_COMMA = YES;
				CLANG_WARN_CONSTANT_CONVERSION = YES;
				CLANG_WARN_DEPRECATED_OBJC_IMPLEMENTATIONS = YES;
				CLANG_WARN_DIRECT_OBJC_ISA_USAGE = YES_ERROR;
				CLANG_WARN_DOCUMENTATION_COMMENTS = YES;
				CLANG_WARN_EMPTY_BODY = YES;
				CLANG_WARN_ENUM_CONVERSION = YES;
				CLANG_WARN_INFINITE_RECURSION = YES;
				CLANG_WARN_INT_CONVERSION = YES;
				CLANG_WARN_NON_LITERAL_NULL_CONVERSION = YES;
				CLANG_WARN_OBJC_IMPLICIT_RETAIN_SELF = YES;
				CLANG_WARN_OBJC_LITERAL_CONVERSION = YES;
				CLANG_WARN_OBJC_ROOT_CLASS = YES_ERROR;
				CLANG_WARN_QUOTED_INCLUDE_IN_FRAMEWORK_HEADER = YES;
				CLANG_WARN_RANGE_LOOP_ANALYSIS = YES;
				CLANG_WARN_STRICT_PROTOTYPES = YES;
				CLANG_WARN_SUSPICIOUS_MOVE = YES;
				CLANG_WARN_UNGUARDED_AVAILABILITY = YES_AGGRESSIVE;
				CLANG_WARN_UNREACHABLE_CODE = YES;
				CLANG_WARN__DUPLICATE_METHOD_MATCH = YES;
				COPY_PHASE_STRIP = NO;
				DEBUG_INFORMATION_FORMAT = dwarf;
				ENABLE_STRICT_OBJC_MSGSEND = YES;
				ENABLE_TESTABILITY = YES;
				GCC_C_LANGUAGE_STANDARD = gnu11;
				GCC_DYNAMIC_NO_PIC = NO;
				GCC_NO_COMMON_BLOCKS = YES;
				GCC_OPTIMIZATION_LEVEL = 0;
				GCC_PREPROCESSOR_DEFINITIONS = (
					"DEBUG=1",
					"$(inherited)",
				);
				GCC_WARN_64_TO_32_BIT_CONVERSION = YES;
				GCC_WARN_ABOUT_RETURN_TYPE = YES_ERROR;
				GCC_WARN_UNDECLARED_SELECTOR = YES;
				GCC_WARN_UNINITIALIZED_AUTOS = YES_AGGRESSIVE;
				GCC_WARN_UNUSED_FUNCTION = YES;
				GCC_WARN_UNUSED_VARIABLE = YES;
				IPHONEOS_DEPLOYMENT_TARGET = 15.5;
				MTL_ENABLE_DEBUG_INFO = INCLUDE_SOURCE;
				MTL_FAST_MATH = YES;
				ONLY_ACTIVE_ARCH = YES;
				SDKROOT = iphoneos;
				SWIFT_ACTIVE_COMPILATION_CONDITIONS = DEBUG;
				SWIFT_OPTIMIZATION_LEVEL = "-Onone";
			};
			name = Debug;
		};
		FA36D31A28A28EC8000B5F8A /* Release */ = {
			isa = XCBuildConfiguration;
			buildSettings = {
				ALWAYS_SEARCH_USER_PATHS = NO;
				CLANG_ANALYZER_NONNULL = YES;
				CLANG_ANALYZER_NUMBER_OBJECT_CONVERSION = YES_AGGRESSIVE;
				CLANG_CXX_LANGUAGE_STANDARD = "gnu++17";
				CLANG_ENABLE_MODULES = YES;
				CLANG_ENABLE_OBJC_ARC = YES;
				CLANG_ENABLE_OBJC_WEAK = YES;
				CLANG_WARN_BLOCK_CAPTURE_AUTORELEASING = YES;
				CLANG_WARN_BOOL_CONVERSION = YES;
				CLANG_WARN_COMMA = YES;
				CLANG_WARN_CONSTANT_CONVERSION = YES;
				CLANG_WARN_DEPRECATED_OBJC_IMPLEMENTATIONS = YES;
				CLANG_WARN_DIRECT_OBJC_ISA_USAGE = YES_ERROR;
				CLANG_WARN_DOCUMENTATION_COMMENTS = YES;
				CLANG_WARN_EMPTY_BODY = YES;
				CLANG_WARN_ENUM_CONVERSION = YES;
				CLANG_WARN_INFINITE_RECURSION = YES;
				CLANG_WARN_INT_CONVERSION = YES;
				CLANG_WARN_NON_LITERAL_NULL_CONVERSION = YES;
				CLANG_WARN_OBJC_IMPLICIT_RETAIN_SELF = YES;
				CLANG_WARN_OBJC_LITERAL_CONVERSION = YES;
				CLANG_WARN_OBJC_ROOT_CLASS = YES_ERROR;
				CLANG_WARN_QUOTED_INCLUDE_IN_FRAMEWORK_HEADER = YES;
				CLANG_WARN_RANGE_LOOP_ANALYSIS = YES;
				CLANG_WARN_STRICT_PROTOTYPES = YES;
				CLANG_WARN_SUSPICIOUS_MOVE = YES;
				CLANG_WARN_UNGUARDED_AVAILABILITY = YES_AGGRESSIVE;
				CLANG_WARN_UNREACHABLE_CODE = YES;
				CLANG_WARN__DUPLICATE_METHOD_MATCH = YES;
				COPY_PHASE_STRIP = NO;
				DEBUG_INFORMATION_FORMAT = "dwarf-with-dsym";
				ENABLE_NS_ASSERTIONS = NO;
				ENABLE_STRICT_OBJC_MSGSEND = YES;
				GCC_C_LANGUAGE_STANDARD = gnu11;
				GCC_NO_COMMON_BLOCKS = YES;
				GCC_WARN_64_TO_32_BIT_CONVERSION = YES;
				GCC_WARN_ABOUT_RETURN_TYPE = YES_ERROR;
				GCC_WARN_UNDECLARED_SELECTOR = YES;
				GCC_WARN_UNINITIALIZED_AUTOS = YES_AGGRESSIVE;
				GCC_WARN_UNUSED_FUNCTION = YES;
				GCC_WARN_UNUSED_VARIABLE = YES;
				IPHONEOS_DEPLOYMENT_TARGET = 15.5;
				MTL_ENABLE_DEBUG_INFO = NO;
				MTL_FAST_MATH = YES;
				SDKROOT = iphoneos;
				SWIFT_COMPILATION_MODE = wholemodule;
				SWIFT_OPTIMIZATION_LEVEL = "-O";
				VALIDATE_PRODUCT = YES;
			};
			name = Release;
		};
		FA36D31C28A28EC8000B5F8A /* Debug */ = {
			isa = XCBuildConfiguration;
			buildSettings = {
				ASSETCATALOG_COMPILER_APPICON_NAME = AppIcon;
				ASSETCATALOG_COMPILER_GLOBAL_ACCENT_COLOR_NAME = AccentColor;
				CODE_SIGN_STYLE = Automatic;
				CURRENT_PROJECT_VERSION = 1;
				DEVELOPMENT_TEAM = 9TAZSB82Y8;
				GENERATE_INFOPLIST_FILE = YES;
				INFOPLIST_FILE = "oh!Rain/Info.plist";
				INFOPLIST_KEY_UIApplicationSupportsIndirectInputEvents = YES;
				INFOPLIST_KEY_UILaunchStoryboardName = LaunchScreen;
				INFOPLIST_KEY_UIMainStoryboardFile = Main;
				INFOPLIST_KEY_UISupportedInterfaceOrientations = UIInterfaceOrientationPortrait;
				INFOPLIST_KEY_UISupportedInterfaceOrientations_iPad = "UIInterfaceOrientationPortrait UIInterfaceOrientationPortraitUpsideDown UIInterfaceOrientationLandscapeLeft UIInterfaceOrientationLandscapeRight";
				INFOPLIST_KEY_UISupportedInterfaceOrientations_iPhone = "UIInterfaceOrientationPortrait UIInterfaceOrientationLandscapeLeft UIInterfaceOrientationLandscapeRight";
				LD_RUNPATH_SEARCH_PATHS = (
					"$(inherited)",
					"@executable_path/Frameworks",
				);
				MARKETING_VERSION = 1.0;
				PRODUCT_BUNDLE_IDENTIFIER = "come.mimi.oh-Rain";
				PRODUCT_NAME = "$(TARGET_NAME)";
				SWIFT_EMIT_LOC_STRINGS = YES;
				SWIFT_VERSION = 5.0;
				TARGETED_DEVICE_FAMILY = 1;
			};
			name = Debug;
		};
		FA36D31D28A28EC8000B5F8A /* Release */ = {
			isa = XCBuildConfiguration;
			buildSettings = {
				ASSETCATALOG_COMPILER_APPICON_NAME = AppIcon;
				ASSETCATALOG_COMPILER_GLOBAL_ACCENT_COLOR_NAME = AccentColor;
				CODE_SIGN_STYLE = Automatic;
				CURRENT_PROJECT_VERSION = 1;
				DEVELOPMENT_TEAM = 9TAZSB82Y8;
				GENERATE_INFOPLIST_FILE = YES;
				INFOPLIST_FILE = "oh!Rain/Info.plist";
				INFOPLIST_KEY_UIApplicationSupportsIndirectInputEvents = YES;
				INFOPLIST_KEY_UILaunchStoryboardName = LaunchScreen;
				INFOPLIST_KEY_UIMainStoryboardFile = Main;
				INFOPLIST_KEY_UISupportedInterfaceOrientations = UIInterfaceOrientationPortrait;
				INFOPLIST_KEY_UISupportedInterfaceOrientations_iPad = "UIInterfaceOrientationPortrait UIInterfaceOrientationPortraitUpsideDown UIInterfaceOrientationLandscapeLeft UIInterfaceOrientationLandscapeRight";
				INFOPLIST_KEY_UISupportedInterfaceOrientations_iPhone = "UIInterfaceOrientationPortrait UIInterfaceOrientationLandscapeLeft UIInterfaceOrientationLandscapeRight";
				LD_RUNPATH_SEARCH_PATHS = (
					"$(inherited)",
					"@executable_path/Frameworks",
				);
				MARKETING_VERSION = 1.0;
				PRODUCT_BUNDLE_IDENTIFIER = "come.mimi.oh-Rain";
				PRODUCT_NAME = "$(TARGET_NAME)";
				SWIFT_EMIT_LOC_STRINGS = YES;
				SWIFT_VERSION = 5.0;
				TARGETED_DEVICE_FAMILY = 1;
			};
			name = Release;
		};
/* End XCBuildConfiguration section */

/* Begin XCConfigurationList section */
		FA36D30228A28EC2000B5F8A /* Build configuration list for PBXProject "oh!Rain" */ = {
			isa = XCConfigurationList;
			buildConfigurations = (
				FA36D31928A28EC8000B5F8A /* Debug */,
				FA36D31A28A28EC8000B5F8A /* Release */,
			);
			defaultConfigurationIsVisible = 0;
			defaultConfigurationName = Release;
		};
		FA36D31B28A28EC8000B5F8A /* Build configuration list for PBXNativeTarget "oh!Rain" */ = {
			isa = XCConfigurationList;
			buildConfigurations = (
				FA36D31C28A28EC8000B5F8A /* Debug */,
				FA36D31D28A28EC8000B5F8A /* Release */,
			);
			defaultConfigurationIsVisible = 0;
			defaultConfigurationName = Release;
		};
/* End XCConfigurationList section */
	};
	rootObject = FA36D2FF28A28EC2000B5F8A /* Project object */;
}
